
Microsoft Visual Studio Solution File, Format Version 12.00
# Visual Studio Version 17
VisualStudioVersion = 17.10.35013.160
MinimumVisualStudioVersion = 10.0.40219.1
Project("{9A19103F-16F7-4668-BE54-9A1E7A4F7556}") = "FreshPager", "FreshPager\FreshPager.csproj", "{FFDBD983-BBD5-43D3-9B47-31EBF50C2D4F}"
EndProject
Project("{FAE04EC0-301F-11D3-BF4B-00C04F79EFBC}") = "Tests", "Tests\Tests.csproj", "{53127C8F-7BED-44A4-8A6C-73327AAE4DB6}"
EndProject
Project("{FAE04EC0-301F-11D3-BF4B-00C04F79EFBC}") = "FreshPager.Common", "FreshPager.Common\FreshPager.Common.csproj", "{AA033633-516B-4BB7-917C-76751B10DDF5}"
EndProject
Project("{FAE04EC0-301F-11D3-BF4B-00C04F79EFBC}") = "FreshPager.Toast", "FreshPager.Toast\FreshPager.Toast.csproj", "{A9BA11D8-9262-4FF7-97B5-CDEF9365D7B9}"
EndProject
Global
	GlobalSection(SolutionConfigurationPlatforms) = preSolution
		Debug|Any CPU = Debug|Any CPU
		Release|Any CPU = Release|Any CPU
	EndGlobalSection
	GlobalSection(ProjectConfigurationPlatforms) = postSolution
		{FFDBD983-BBD5-43D3-9B47-31EBF50C2D4F}.Debug|Any CPU.ActiveCfg = Debug|Any CPU
		{FFDBD983-BBD5-43D3-9B47-31EBF50C2D4F}.Debug|Any CPU.Build.0 = Debug|Any CPU
		{FFDBD983-BBD5-43D3-9B47-31EBF50C2D4F}.Release|Any CPU.ActiveCfg = Release|Any CPU
		{FFDBD983-BBD5-43D3-9B47-31EBF50C2D4F}.Release|Any CPU.Build.0 = Release|Any CPU
		{53127C8F-7BED-44A4-8A6C-73327AAE4DB6}.Debug|Any CPU.ActiveCfg = Debug|Any CPU
		{53127C8F-7BED-44A4-8A6C-73327AAE4DB6}.Debug|Any CPU.Build.0 = Debug|Any CPU
		{53127C8F-7BED-44A4-8A6C-73327AAE4DB6}.Release|Any CPU.ActiveCfg = Release|Any CPU
		{53127C8F-7BED-44A4-8A6C-73327AAE4DB6}.Release|Any CPU.Build.0 = Release|Any CPU
		{AA033633-516B-4BB7-917C-76751B10DDF5}.Debug|Any CPU.ActiveCfg = Debug|Any CPU
		{AA033633-516B-4BB7-917C-76751B10DDF5}.Debug|Any CPU.Build.0 = Debug|Any CPU
		{AA033633-516B-4BB7-917C-76751B10DDF5}.Release|Any CPU.ActiveCfg = Release|Any CPU
		{AA033633-516B-4BB7-917C-76751B10DDF5}.Release|Any CPU.Build.0 = Release|Any CPU
		{A9BA11D8-9262-4FF7-97B5-CDEF9365D7B9}.Debug|Any CPU.ActiveCfg = Debug|Any CPU
		{A9BA11D8-9262-4FF7-97B5-CDEF9365D7B9}.Debug|Any CPU.Build.0 = Debug|Any CPU
		{A9BA11D8-9262-4FF7-97B5-CDEF9365D7B9}.Release|Any CPU.ActiveCfg = Release|Any CPU
		{A9BA11D8-9262-4FF7-97B5-CDEF9365D7B9}.Release|Any CPU.Build.0 = Release|Any CPU
	EndGlobalSection
	GlobalSection(SolutionProperties) = preSolution
		HideSolutionNode = FALSE
	EndGlobalSection
	GlobalSection(ExtensibilityGlobals) = postSolution
		SolutionGuid = {5A68F804-8667-43D5-A2D5-1A6FC6407082}
	EndGlobalSection
EndGlobal
